
Microsoft Visual Studio Solution File, Format Version 12.00
# Visual Studio Version 17
VisualStudioVersion = 17.5.33516.290
MinimumVisualStudioVersion = 10.0.40219.1
Project("{FAE04EC0-301F-11D3-BF4B-00C04F79EFBC}") = "MyYoloApp", "MyYoloApp\MyYoloApp.csproj", "{28A00AD7-1A11-4AE1-8892-8CE3BDCD180D}"
EndProject
Global
	GlobalSection(SolutionConfigurationPlatforms) = preSolution
		Debug|Any CPU = Debug|Any CPU
		Release|Any CPU = Release|Any CPU
	EndGlobalSection
	GlobalSection(ProjectConfigurationPlatforms) = postSolution
		{28A00AD7-1A11-4AE1-8892-8CE3BDCD180D}.Debug|Any CPU.ActiveCfg = Debug|Any CPU
		{28A00AD7-1A11-4AE1-8892-8CE3BDCD180D}.Debug|Any CPU.Build.0 = Debug|Any CPU
		{28A00AD7-1A11-4AE1-8892-8CE3BDCD180D}.Release|Any CPU.ActiveCfg = Release|Any CPU
		{28A00AD7-1A11-4AE1-8892-8CE3BDCD180D}.Release|Any CPU.Build.0 = Release|Any CPU
	EndGlobalSection
	GlobalSection(SolutionProperties) = preSolution
		HideSolutionNode = FALSE
	EndGlobalSection
	GlobalSection(ExtensibilityGlobals) = postSolution
		SolutionGuid = {3E4CD7D6-DC12-442C-B5BB-5D01C08024AE}
	EndGlobalSection
EndGlobal
