
Microsoft Visual Studio Solution File, Format Version 12.00
# Visual Studio Version 17
VisualStudioVersion = 17.5.33516.290
MinimumVisualStudioVersion = 10.0.40219.1
Project("{9A19103F-16F7-4668-BE54-9A1E7A4F7556}") = "Task1", "Task1\Task1.csproj", "{8930D858-87F1-47A5-96B8-A9257DEB0DCE}"
EndProject
Global
	GlobalSection(SolutionConfigurationPlatforms) = preSolution
		Debug|Any CPU = Debug|Any CPU
		Release|Any CPU = Release|Any CPU
	EndGlobalSection
	GlobalSection(ProjectConfigurationPlatforms) = postSolution
		{8930D858-87F1-47A5-96B8-A9257DEB0DCE}.Debug|Any CPU.ActiveCfg = Debug|Any CPU
		{8930D858-87F1-47A5-96B8-A9257DEB0DCE}.Debug|Any CPU.Build.0 = Debug|Any CPU
		{8930D858-87F1-47A5-96B8-A9257DEB0DCE}.Release|Any CPU.ActiveCfg = Release|Any CPU
		{8930D858-87F1-47A5-96B8-A9257DEB0DCE}.Release|Any CPU.Build.0 = Release|Any CPU
	EndGlobalSection
	GlobalSection(SolutionProperties) = preSolution
		HideSolutionNode = FALSE
	EndGlobalSection
	GlobalSection(ExtensibilityGlobals) = postSolution
		SolutionGuid = {B111ADD1-EDF2-4956-AA67-B38F46116E28}
	EndGlobalSection
EndGlobal
